
Microsoft Visual Studio Solution File, Format Version 12.00
# Visual Studio Version 17
VisualStudioVersion = 17.9.34622.214
MinimumVisualStudioVersion = 10.0.40219.1
Project("{9A19103F-16F7-4668-BE54-9A1E7A4F7556}") = "CourseProject", "CourseProject\CourseProject.csproj", "{461D7BE6-9085-41F0-A2B6-367C064A8AD0}"
EndProject
Global
	GlobalSection(SolutionConfigurationPlatforms) = preSolution
		Debug|Any CPU = Debug|Any CPU
		Release|Any CPU = Release|Any CPU
	EndGlobalSection
	GlobalSection(ProjectConfigurationPlatforms) = postSolution
		{461D7BE6-9085-41F0-A2B6-367C064A8AD0}.Debug|Any CPU.ActiveCfg = Debug|Any CPU
		{461D7BE6-9085-41F0-A2B6-367C064A8AD0}.Debug|Any CPU.Build.0 = Debug|Any CPU
		{461D7BE6-9085-41F0-A2B6-367C064A8AD0}.Release|Any CPU.ActiveCfg = Release|Any CPU
		{461D7BE6-9085-41F0-A2B6-367C064A8AD0}.Release|Any CPU.Build.0 = Release|Any CPU
	EndGlobalSection
	GlobalSection(SolutionProperties) = preSolution
		HideSolutionNode = FALSE
	EndGlobalSection
	GlobalSection(ExtensibilityGlobals) = postSolution
		SolutionGuid = {1A5AE8D5-B54B-4FC3-8D9B-BE48EC2FA57F}
	EndGlobalSection
EndGlobal
